
Microsoft Visual Studio Solution File, Format Version 12.00
# Visual Studio Version 17
VisualStudioVersion = 17.14.36414.22
MinimumVisualStudioVersion = 10.0.40219.1
Project("{FAE04EC0-301F-11D3-BF4B-00C04F79EFBC}") = "Uppgift", "Uppgift\Uppgift.csproj", "{01D50399-232A-475B-B421-1A508D1A3CBF}"
EndProject
Project("{FAE04EC0-301F-11D3-BF4B-00C04F79EFBC}") = "Tests", "Tests\Tests.csproj", "{DCD1C63D-E8A6-4EF8-B017-F2A1B5AD19D3}"
EndProject
Global
	GlobalSection(SolutionConfigurationPlatforms) = preSolution
		Debug|Any CPU = Debug|Any CPU
		Release|Any CPU = Release|Any CPU
	EndGlobalSection
	GlobalSection(ProjectConfigurationPlatforms) = postSolution
		{01D50399-232A-475B-B421-1A508D1A3CBF}.Debug|Any CPU.ActiveCfg = Debug|Any CPU
		{01D50399-232A-475B-B421-1A508D1A3CBF}.Debug|Any CPU.Build.0 = Debug|Any CPU
		{01D50399-232A-475B-B421-1A508D1A3CBF}.Release|Any CPU.ActiveCfg = Release|Any CPU
		{01D50399-232A-475B-B421-1A508D1A3CBF}.Release|Any CPU.Build.0 = Release|Any CPU
		{DCD1C63D-E8A6-4EF8-B017-F2A1B5AD19D3}.Debug|Any CPU.ActiveCfg = Debug|Any CPU
		{DCD1C63D-E8A6-4EF8-B017-F2A1B5AD19D3}.Debug|Any CPU.Build.0 = Debug|Any CPU
		{DCD1C63D-E8A6-4EF8-B017-F2A1B5AD19D3}.Release|Any CPU.ActiveCfg = Release|Any CPU
		{DCD1C63D-E8A6-4EF8-B017-F2A1B5AD19D3}.Release|Any CPU.Build.0 = Release|Any CPU
	EndGlobalSection
	GlobalSection(SolutionProperties) = preSolution
		HideSolutionNode = FALSE
	EndGlobalSection
	GlobalSection(ExtensibilityGlobals) = postSolution
		SolutionGuid = {93589B33-03C8-4871-96C6-C7583EE8AC80}
	EndGlobalSection
EndGlobal
